
Microsoft Visual Studio Solution File, Format Version 12.00
# Visual Studio Version 17
VisualStudioVersion = 17.9.34723.18
MinimumVisualStudioVersion = 10.0.40219.1
Project("{FAE04EC0-301F-11D3-BF4B-00C04F79EFBC}") = "LastChangeWPFFunPay", "LastChangeWPFFunPay\LastChangeWPFFunPay.csproj", "{6D83AE8F-CA81-4580-A17D-B41CC818A39B}"
EndProject
Global
	GlobalSection(SolutionConfigurationPlatforms) = preSolution
		Debug|Any CPU = Debug|Any CPU
		Release|Any CPU = Release|Any CPU
	EndGlobalSection
	GlobalSection(ProjectConfigurationPlatforms) = postSolution
		{6D83AE8F-CA81-4580-A17D-B41CC818A39B}.Debug|Any CPU.ActiveCfg = Debug|Any CPU
		{6D83AE8F-CA81-4580-A17D-B41CC818A39B}.Debug|Any CPU.Build.0 = Debug|Any CPU
		{6D83AE8F-CA81-4580-A17D-B41CC818A39B}.Release|Any CPU.ActiveCfg = Release|Any CPU
		{6D83AE8F-CA81-4580-A17D-B41CC818A39B}.Release|Any CPU.Build.0 = Release|Any CPU
	EndGlobalSection
	GlobalSection(SolutionProperties) = preSolution
		HideSolutionNode = FALSE
	EndGlobalSection
	GlobalSection(ExtensibilityGlobals) = postSolution
		SolutionGuid = {17A62E24-1C2C-4CBF-A776-9801DCE7A0DA}
	EndGlobalSection
EndGlobal
